
Microsoft Visual Studio Solution File, Format Version 12.00
# Visual Studio Version 16
VisualStudioVersion = 16.0.29728.190
MinimumVisualStudioVersion = 10.0.40219.1
Project("{9A19103F-16F7-4668-BE54-9A1E7A4F7556}") = "Calc", "Calc\Calc.csproj", "{49F1BEAA-1B6C-42C5-87F7-577B91B222CF}"
EndProject
Project("{FAE04EC0-301F-11D3-BF4B-00C04F79EFBC}") = "LexicalAnalyzerTests", "LexicalAnalyzerTests\LexicalAnalyzerTests.csproj", "{830AE75E-24FC-4E45-9AEA-7CE902D0CD63}"
EndProject
Project("{FAE04EC0-301F-11D3-BF4B-00C04F79EFBC}") = "ExecutorTests", "ExecutorTests\ExecutorTests.csproj", "{86CE9113-F979-41EE-ACCC-8F572FBE5F00}"
EndProject
Global
	GlobalSection(SolutionConfigurationPlatforms) = preSolution
		Debug|Any CPU = Debug|Any CPU
		Release|Any CPU = Release|Any CPU
	EndGlobalSection
	GlobalSection(ProjectConfigurationPlatforms) = postSolution
		{49F1BEAA-1B6C-42C5-87F7-577B91B222CF}.Debug|Any CPU.ActiveCfg = Debug|Any CPU
		{49F1BEAA-1B6C-42C5-87F7-577B91B222CF}.Debug|Any CPU.Build.0 = Debug|Any CPU
		{49F1BEAA-1B6C-42C5-87F7-577B91B222CF}.Release|Any CPU.ActiveCfg = Release|Any CPU
		{49F1BEAA-1B6C-42C5-87F7-577B91B222CF}.Release|Any CPU.Build.0 = Release|Any CPU
		{830AE75E-24FC-4E45-9AEA-7CE902D0CD63}.Debug|Any CPU.ActiveCfg = Debug|Any CPU
		{830AE75E-24FC-4E45-9AEA-7CE902D0CD63}.Debug|Any CPU.Build.0 = Debug|Any CPU
		{830AE75E-24FC-4E45-9AEA-7CE902D0CD63}.Release|Any CPU.ActiveCfg = Release|Any CPU
		{830AE75E-24FC-4E45-9AEA-7CE902D0CD63}.Release|Any CPU.Build.0 = Release|Any CPU
		{86CE9113-F979-41EE-ACCC-8F572FBE5F00}.Debug|Any CPU.ActiveCfg = Debug|Any CPU
		{86CE9113-F979-41EE-ACCC-8F572FBE5F00}.Debug|Any CPU.Build.0 = Debug|Any CPU
		{86CE9113-F979-41EE-ACCC-8F572FBE5F00}.Release|Any CPU.ActiveCfg = Release|Any CPU
		{86CE9113-F979-41EE-ACCC-8F572FBE5F00}.Release|Any CPU.Build.0 = Release|Any CPU
	EndGlobalSection
	GlobalSection(SolutionProperties) = preSolution
		HideSolutionNode = FALSE
	EndGlobalSection
	GlobalSection(ExtensibilityGlobals) = postSolution
		SolutionGuid = {B0693843-AE6B-4DD7-8984-3EBC25DE9E4D}
	EndGlobalSection
EndGlobal
